// !$*UTF8*$!
{
	archiveVersion = 1;
	classes = {
	};
	objectVersion = 46;
	objects = {

/* Begin PBXBuildFile section */
		BC2AB9C3162501D8000A9076 /* UIKit.framework in Frameworks */ = {isa = PBXBuildFile; fileRef = BC2AB9C2162501D8000A9076 /* UIKit.framework */; };
		BC2AB9C5162501D8000A9076 /* Foundation.framework in Frameworks */ = {isa = PBXBuildFile; fileRef = BC2AB9C4162501D8000A9076 /* Foundation.framework */; };
		BC2AB9C7162501D8000A9076 /* CoreGraphics.framework in Frameworks */ = {isa = PBXBuildFile; fileRef = BC2AB9C6162501D8000A9076 /* CoreGraphics.framework */; };
		BC2AB9CD162501D8000A9076 /* InfoPlist.strings in Resources */ = {isa = PBXBuildFile; fileRef = BC2AB9CB162501D8000A9076 /* InfoPlist.strings */; };
		BC2AB9CF162501D8000A9076 /* main.m in Sources */ = {isa = PBXBuildFile; fileRef = BC2AB9CE162501D8000A9076 /* main.m */; };
		BC2AB9D3162501D8000A9076 /* AppDelegate.m in Sources */ = {isa = PBXBuildFile; fileRef = BC2AB9D2162501D8000A9076 /* AppDelegate.m */; };
		BC2AB9DC162501D8000A9076 /* Main.storyboard in Resources */ = {isa = PBXBuildFile; fileRef = BC2AB9DA162501D8000A9076 /* Main.storyboard */; };
		BC2AB9DF162501D8000A9076 /* ViewController.m in Sources */ = {isa = PBXBuildFile; fileRef = BC2AB9DE162501D8000A9076 /* ViewController.m */; };
		BC2AB9E7162501D8000A9076 /* SenTestingKit.framework in Frameworks */ = {isa = PBXBuildFile; fileRef = BC2AB9E6162501D8000A9076 /* SenTestingKit.framework */; };
		BC2AB9E8162501D8000A9076 /* UIKit.framework in Frameworks */ = {isa = PBXBuildFile; fileRef = BC2AB9C2162501D8000A9076 /* UIKit.framework */; };
		BC2AB9E9162501D8000A9076 /* Foundation.framework in Frameworks */ = {isa = PBXBuildFile; fileRef = BC2AB9C4162501D8000A9076 /* Foundation.framework */; };
		BC2AB9F1162501D8000A9076 /* InfoPlist.strings in Resources */ = {isa = PBXBuildFile; fileRef = BC2AB9EF162501D8000A9076 /* InfoPlist.strings */; };
		BC2AB9F4162501D8000A9076 /* MarcoPolloTests.m in Sources */ = {isa = PBXBuildFile; fileRef = BC2AB9F3162501D8000A9076 /* MarcoPolloTests.m */; };
		BC2ABA16162511C0000A9076 /* Social.framework in Frameworks */ = {isa = PBXBuildFile; fileRef = BC2ABA15162511C0000A9076 /* Social.framework */; };
		DAC56DE3180CA79700979110 /* Images.xcassets in Resources */ = {isa = PBXBuildFile; fileRef = DAC56DE2180CA79700979110 /* Images.xcassets */; };
/* End PBXBuildFile section */

/* Begin PBXContainerItemProxy section */
		BC2AB9EA162501D8000A9076 /* PBXContainerItemProxy */ = {
			isa = PBXContainerItemProxy;
			containerPortal = BC2AB9B5162501D8000A9076 /* Project object */;
			proxyType = 1;
			remoteGlobalIDString = BC2AB9BD162501D8000A9076;
			remoteInfo = MarcoPollo;
		};
/* End PBXContainerItemProxy section */

/* Begin PBXFileReference section */
		BC2AB9BE162501D8000A9076 /* MarcoPollo.app */ = {isa = PBXFileReference; explicitFileType = wrapper.application; includeInIndex = 0; path = MarcoPollo.app; sourceTree = BUILT_PRODUCTS_DIR; };
		BC2AB9C2162501D8000A9076 /* UIKit.framework */ = {isa = PBXFileReference; lastKnownFileType = wrapper.framework; name = UIKit.framework; path = System/Library/Frameworks/UIKit.framework; sourceTree = SDKROOT; };
		BC2AB9C4162501D8000A9076 /* Foundation.framework */ = {isa = PBXFileReference; lastKnownFileType = wrapper.framework; name = Foundation.framework; path = System/Library/Frameworks/Foundation.framework; sourceTree = SDKROOT; };
		BC2AB9C6162501D8000A9076 /* CoreGraphics.framework */ = {isa = PBXFileReference; lastKnownFileType = wrapper.framework; name = CoreGraphics.framework; path = System/Library/Frameworks/CoreGraphics.framework; sourceTree = SDKROOT; };
		BC2AB9CA162501D8000A9076 /* MarcoPollo-Info.plist */ = {isa = PBXFileReference; lastKnownFileType = text.plist.xml; path = "MarcoPollo-Info.plist"; sourceTree = "<group>"; };
		BC2AB9CC162501D8000A9076 /* en */ = {isa = PBXFileReference; lastKnownFileType = text.plist.strings; name = en; path = en.lproj/InfoPlist.strings; sourceTree = "<group>"; };
		BC2AB9CE162501D8000A9076 /* main.m */ = {isa = PBXFileReference; lastKnownFileType = sourcecode.c.objc; path = main.m; sourceTree = "<group>"; };
		BC2AB9D0162501D8000A9076 /* MarcoPollo-Prefix.pch */ = {isa = PBXFileReference; lastKnownFileType = sourcecode.c.h; path = "MarcoPollo-Prefix.pch"; sourceTree = "<group>"; };
		BC2AB9D1162501D8000A9076 /* AppDelegate.h */ = {isa = PBXFileReference; lastKnownFileType = sourcecode.c.h; path = AppDelegate.h; sourceTree = "<group>"; };
		BC2AB9D2162501D8000A9076 /* AppDelegate.m */ = {isa = PBXFileReference; lastKnownFileType = sourcecode.c.objc; path = AppDelegate.m; sourceTree = "<group>"; };
		BC2AB9DB162501D8000A9076 /* en */ = {isa = PBXFileReference; lastKnownFileType = file.storyboard; name = en; path = en.lproj/Main.storyboard; sourceTree = "<group>"; };
		BC2AB9DD162501D8000A9076 /* ViewController.h */ = {isa = PBXFileReference; lastKnownFileType = sourcecode.c.h; path = ViewController.h; sourceTree = "<group>"; };
		BC2AB9DE162501D8000A9076 /* ViewController.m */ = {isa = PBXFileReference; lastKnownFileType = sourcecode.c.objc; path = ViewController.m; sourceTree = "<group>"; };
		BC2AB9E5162501D8000A9076 /* MarcoPolloTests.octest */ = {isa = PBXFileReference; explicitFileType = wrapper.cfbundle; includeInIndex = 0; path = MarcoPolloTests.octest; sourceTree = BUILT_PRODUCTS_DIR; };
		BC2AB9E6162501D8000A9076 /* SenTestingKit.framework */ = {isa = PBXFileReference; lastKnownFileType = wrapper.framework; name = SenTestingKit.framework; path = Library/Frameworks/SenTestingKit.framework; sourceTree = DEVELOPER_DIR; };
		BC2AB9EE162501D8000A9076 /* MarcoPolloTests-Info.plist */ = {isa = PBXFileReference; lastKnownFileType = text.plist.xml; path = "MarcoPolloTests-Info.plist"; sourceTree = "<group>"; };
		BC2AB9F0162501D8000A9076 /* en */ = {isa = PBXFileReference; lastKnownFileType = text.plist.strings; name = en; path = en.lproj/InfoPlist.strings; sourceTree = "<group>"; };
		BC2AB9F2162501D8000A9076 /* MarcoPolloTests.h */ = {isa = PBXFileReference; lastKnownFileType = sourcecode.c.h; path = MarcoPolloTests.h; sourceTree = "<group>"; };
		BC2AB9F3162501D8000A9076 /* MarcoPolloTests.m */ = {isa = PBXFileReference; lastKnownFileType = sourcecode.c.objc; path = MarcoPolloTests.m; sourceTree = "<group>"; };
		BC2ABA15162511C0000A9076 /* Social.framework */ = {isa = PBXFileReference; lastKnownFileType = wrapper.framework; name = Social.framework; path = System/Library/Frameworks/Social.framework; sourceTree = SDKROOT; };
		DAC56DE2180CA79700979110 /* Images.xcassets */ = {isa = PBXFileReference; lastKnownFileType = folder.assetcatalog; path = Images.xcassets; sourceTree = "<group>"; };
/* End PBXFileReference section */

/* Begin PBXFrameworksBuildPhase section */
		BC2AB9BB162501D8000A9076 /* Frameworks */ = {
			isa = PBXFrameworksBuildPhase;
			buildActionMask = 2147483647;
			files = (
				BC2ABA16162511C0000A9076 /* Social.framework in Frameworks */,
				BC2AB9C3162501D8000A9076 /* UIKit.framework in Frameworks */,
				BC2AB9C5162501D8000A9076 /* Foundation.framework in Frameworks */,
				BC2AB9C7162501D8000A9076 /* CoreGraphics.framework in Frameworks */,
			);
			runOnlyForDeploymentPostprocessing = 0;
		};
		BC2AB9E1162501D8000A9076 /* Frameworks */ = {
			isa = PBXFrameworksBuildPhase;
			buildActionMask = 2147483647;
			files = (
				BC2AB9E7162501D8000A9076 /* SenTestingKit.framework in Frameworks */,
				BC2AB9E8162501D8000A9076 /* UIKit.framework in Frameworks */,
				BC2AB9E9162501D8000A9076 /* Foundation.framework in Frameworks */,
			);
			runOnlyForDeploymentPostprocessing = 0;
		};
/* End PBXFrameworksBuildPhase section */

/* Begin PBXGroup section */
		BC2AB9B3162501D8000A9076 = {
			isa = PBXGroup;
			children = (
				BC2ABA15162511C0000A9076 /* Social.framework */,
				BC2AB9C8162501D8000A9076 /* MarcoPollo */,
				BC2AB9EC162501D8000A9076 /* MarcoPolloTests */,
				BC2AB9C1162501D8000A9076 /* Frameworks */,
				BC2AB9BF162501D8000A9076 /* Products */,
			);
			sourceTree = "<group>";
		};
		BC2AB9BF162501D8000A9076 /* Products */ = {
			isa = PBXGroup;
			children = (
				BC2AB9BE162501D8000A9076 /* MarcoPollo.app */,
				BC2AB9E5162501D8000A9076 /* MarcoPolloTests.octest */,
			);
			name = Products;
			sourceTree = "<group>";
		};
		BC2AB9C1162501D8000A9076 /* Frameworks */ = {
			isa = PBXGroup;
			children = (
				BC2AB9C2162501D8000A9076 /* UIKit.framework */,
				BC2AB9C4162501D8000A9076 /* Foundation.framework */,
				BC2AB9C6162501D8000A9076 /* CoreGraphics.framework */,
				BC2AB9E6162501D8000A9076 /* SenTestingKit.framework */,
			);
			name = Frameworks;
			sourceTree = "<group>";
		};
		BC2AB9C8162501D8000A9076 /* MarcoPollo */ = {
			isa = PBXGroup;
			children = (
				BC2AB9D1162501D8000A9076 /* AppDelegate.h */,
				BC2AB9D2162501D8000A9076 /* AppDelegate.m */,
				BC2AB9DA162501D8000A9076 /* Main.storyboard */,
				BC2AB9DD162501D8000A9076 /* ViewController.h */,
				BC2AB9DE162501D8000A9076 /* ViewController.m */,
				DAC56DE2180CA79700979110 /* Images.xcassets */,
				BC2AB9C9162501D8000A9076 /* Supporting Files */,
			);
			path = MarcoPollo;
			sourceTree = "<group>";
		};
		BC2AB9C9162501D8000A9076 /* Supporting Files */ = {
			isa = PBXGroup;
			children = (
				BC2AB9CA162501D8000A9076 /* MarcoPollo-Info.plist */,
				BC2AB9CB162501D8000A9076 /* InfoPlist.strings */,
				BC2AB9CE162501D8000A9076 /* main.m */,
				BC2AB9D0162501D8000A9076 /* MarcoPollo-Prefix.pch */,
			);
			name = "Supporting Files";
			sourceTree = "<group>";
		};
		BC2AB9EC162501D8000A9076 /* MarcoPolloTests */ = {
			isa = PBXGroup;
			children = (
				BC2AB9F2162501D8000A9076 /* MarcoPolloTests.h */,
				BC2AB9F3162501D8000A9076 /* MarcoPolloTests.m */,
				BC2AB9ED162501D8000A9076 /* Supporting Files */,
			);
			path = MarcoPolloTests;
			sourceTree = "<group>";
		};
		BC2AB9ED162501D8000A9076 /* Supporting Files */ = {
			isa = PBXGroup;
			children = (
				BC2AB9EE162501D8000A9076 /* MarcoPolloTests-Info.plist */,
				BC2AB9EF162501D8000A9076 /* InfoPlist.strings */,
			);
			name = "Supporting Files";
			sourceTree = "<group>";
		};
/* End PBXGroup section */

/* Begin PBXNativeTarget section */
		BC2AB9BD162501D8000A9076 /* MarcoPollo */ = {
			isa = PBXNativeTarget;
			buildConfigurationList = BC2AB9F7162501D8000A9076 /* Build configuration list for PBXNativeTarget "MarcoPollo" */;
			buildPhases = (
				BC2AB9BA162501D8000A9076 /* Sources */,
				BC2AB9BB162501D8000A9076 /* Frameworks */,
				BC2AB9BC162501D8000A9076 /* Resources */,
			);
			buildRules = (
			);
			dependencies = (
			);
			name = MarcoPollo;
			productName = MarcoPollo;
			productReference = BC2AB9BE162501D8000A9076 /* MarcoPollo.app */;
			productType = "com.apple.product-type.application";
		};
		BC2AB9E4162501D8000A9076 /* MarcoPolloTests */ = {
			isa = PBXNativeTarget;
			buildConfigurationList = BC2AB9FA162501D8000A9076 /* Build configuration list for PBXNativeTarget "MarcoPolloTests" */;
			buildPhases = (
				BC2AB9E0162501D8000A9076 /* Sources */,
				BC2AB9E1162501D8000A9076 /* Frameworks */,
				BC2AB9E2162501D8000A9076 /* Resources */,
				BC2AB9E3162501D8000A9076 /* ShellScript */,
			);
			buildRules = (
			);
			dependencies = (
				BC2AB9EB162501D8000A9076 /* PBXTargetDependency */,
			);
			name = MarcoPolloTests;
			productName = MarcoPolloTests;
			productReference = BC2AB9E5162501D8000A9076 /* MarcoPolloTests.octest */;
			productType = "com.apple.product-type.bundle";
		};
/* End PBXNativeTarget section */

/* Begin PBXProject section */
		BC2AB9B5162501D8000A9076 /* Project object */ = {
			isa = PBXProject;
			attributes = {
				LastUpgradeCheck = 0450;
				ORGANIZATIONNAME = "Element 84, LLC";
			};
			buildConfigurationList = BC2AB9B8162501D8000A9076 /* Build configuration list for PBXProject "MarcoPollo" */;
			compatibilityVersion = "Xcode 3.2";
			developmentRegion = English;
			hasScannedForEncodings = 0;
			knownRegions = (
				en,
			);
			mainGroup = BC2AB9B3162501D8000A9076;
			productRefGroup = BC2AB9BF162501D8000A9076 /* Products */;
			projectDirPath = "";
			projectRoot = "";
			targets = (
				BC2AB9BD162501D8000A9076 /* MarcoPollo */,
				BC2AB9E4162501D8000A9076 /* MarcoPolloTests */,
			);
		};
/* End PBXProject section */

/* Begin PBXResourcesBuildPhase section */
		BC2AB9BC162501D8000A9076 /* Resources */ = {
			isa = PBXResourcesBuildPhase;
			buildActionMask = 2147483647;
			files = (
				BC2AB9CD162501D8000A9076 /* InfoPlist.strings in Resources */,
				DAC56DE3180CA79700979110 /* Images.xcassets in Resources */,
				BC2AB9DC162501D8000A9076 /* Main.storyboard in Resources */,
			);
			runOnlyForDeploymentPostprocessing = 0;
		};
		BC2AB9E2162501D8000A9076 /* Resources */ = {
			isa = PBXResourcesBuildPhase;
			buildActionMask = 2147483647;
			files = (
				BC2AB9F1162501D8000A9076 /* InfoPlist.strings in Resources */,
			);
			runOnlyForDeploymentPostprocessing = 0;
		};
/* End PBXResourcesBuildPhase section */

/* Begin PBXShellScriptBuildPhase section */
		BC2AB9E3162501D8000A9076 /* ShellScript */ = {
			isa = PBXShellScriptBuildPhase;
			buildActionMask = 2147483647;
			files = (
			);
			inputPaths = (
			);
			outputPaths = (
			);
			runOnlyForDeploymentPostprocessing = 0;
			shellPath = /bin/sh;
			shellScript = "# Run the unit tests in this test bundle.\n\"${SYSTEM_DEVELOPER_DIR}/Tools/RunUnitTests\"\n";
		};
/* End PBXShellScriptBuildPhase section */

/* Begin PBXSourcesBuildPhase section */
		BC2AB9BA162501D8000A9076 /* Sources */ = {
			isa = PBXSourcesBuildPhase;
			buildActionMask = 2147483647;
			files = (
				BC2AB9CF162501D8000A9076 /* main.m in Sources */,
				BC2AB9D3162501D8000A9076 /* AppDelegate.m in Sources */,
				BC2AB9DF162501D8000A9076 /* ViewController.m in Sources */,
			);
			runOnlyForDeploymentPostprocessing = 0;
		};
		BC2AB9E0162501D8000A9076 /* Sources */ = {
			isa = PBXSourcesBuildPhase;
			buildActionMask = 2147483647;
			files = (
				BC2AB9F4162501D8000A9076 /* MarcoPolloTests.m in Sources */,
			);
			runOnlyForDeploymentPostprocessing = 0;
		};
/* End PBXSourcesBuildPhase section */

/* Begin PBXTargetDependency section */
		BC2AB9EB162501D8000A9076 /* PBXTargetDependency */ = {
			isa = PBXTargetDependency;
			target = BC2AB9BD162501D8000A9076 /* MarcoPollo */;
			targetProxy = BC2AB9EA162501D8000A9076 /* PBXContainerItemProxy */;
		};
/* End PBXTargetDependency section */

/* Begin PBXVariantGroup section */
		BC2AB9CB162501D8000A9076 /* InfoPlist.strings */ = {
			isa = PBXVariantGroup;
			children = (
				BC2AB9CC162501D8000A9076 /* en */,
			);
			name = InfoPlist.strings;
			sourceTree = "<group>";
		};
		BC2AB9DA162501D8000A9076 /* Main.storyboard */ = {
			isa = PBXVariantGroup;
			children = (
				BC2AB9DB162501D8000A9076 /* en */,
			);
			name = Main.storyboard;
			sourceTree = "<group>";
		};
		BC2AB9EF162501D8000A9076 /* InfoPlist.strings */ = {
			isa = PBXVariantGroup;
			children = (
				BC2AB9F0162501D8000A9076 /* en */,
			);
			name = InfoPlist.strings;
			sourceTree = "<group>";
		};
/* End PBXVariantGroup section */

/* Begin XCBuildConfiguration section */
		BC2AB9F5162501D8000A9076 /* Debug */ = {
			isa = XCBuildConfiguration;
			buildSettings = {
				ALWAYS_SEARCH_USER_PATHS = NO;
				CLANG_CXX_LANGUAGE_STANDARD = "gnu++0x";
				CLANG_CXX_LIBRARY = "libc++";
				CLANG_ENABLE_OBJC_ARC = YES;
				CLANG_WARN_EMPTY_BODY = YES;
				CLANG_WARN__DUPLICATE_METHOD_MATCH = YES;
				"CODE_SIGN_IDENTITY[sdk=iphoneos*]" = "iPhone Developer";
				COPY_PHASE_STRIP = NO;
				GCC_C_LANGUAGE_STANDARD = gnu99;
				GCC_DYNAMIC_NO_PIC = NO;
				GCC_OPTIMIZATION_LEVEL = 0;
				GCC_PREPROCESSOR_DEFINITIONS = (
					"DEBUG=1",
					"$(inherited)",
				);
				GCC_SYMBOLS_PRIVATE_EXTERN = NO;
				GCC_WARN_ABOUT_RETURN_TYPE = YES;
				GCC_WARN_UNINITIALIZED_AUTOS = YES;
				GCC_WARN_UNUSED_VARIABLE = YES;
				IPHONEOS_DEPLOYMENT_TARGET = 6.0;
				SDKROOT = iphoneos;
			};
			name = Debug;
		};
		BC2AB9F6162501D8000A9076 /* Release */ = {
			isa = XCBuildConfiguration;
			buildSettings = {
				ALWAYS_SEARCH_USER_PATHS = NO;
				CLANG_CXX_LANGUAGE_STANDARD = "gnu++0x";
				CLANG_CXX_LIBRARY = "libc++";
				CLANG_ENABLE_OBJC_ARC = YES;
				CLANG_WARN_EMPTY_BODY = YES;
				CLANG_WARN__DUPLICATE_METHOD_MATCH = YES;
				"CODE_SIGN_IDENTITY[sdk=iphoneos*]" = "iPhone Developer";
				COPY_PHASE_STRIP = YES;
				GCC_C_LANGUAGE_STANDARD = gnu99;
				GCC_WARN_ABOUT_RETURN_TYPE = YES;
				GCC_WARN_UNINITIALIZED_AUTOS = YES;
				GCC_WARN_UNUSED_VARIABLE = YES;
				IPHONEOS_DEPLOYMENT_TARGET = 6.0;
				OTHER_CFLAGS = "-DNS_BLOCK_ASSERTIONS=1";
				SDKROOT = iphoneos;
				VALIDATE_PRODUCT = YES;
			};
			name = Release;
		};
		BC2AB9F8162501D8000A9076 /* Debug */ = {
			isa = XCBuildConfiguration;
			buildSettings = {
				ASSETCATALOG_COMPILER_APPICON_NAME = AppIcon;
				ASSETCATALOG_COMPILER_LAUNCHIMAGE_NAME = LaunchImage;
				GCC_PRECOMPILE_PREFIX_HEADER = YES;
				GCC_PREFIX_HEADER = "MarcoPollo/MarcoPollo-Prefix.pch";
				INFOPLIST_FILE = "MarcoPollo/MarcoPollo-Info.plist";
				IPHONEOS_DEPLOYMENT_TARGET = 7.0;
				PRODUCT_NAME = "$(TARGET_NAME)";
				WRAPPER_EXTENSION = app;
			};
			name = Debug;
		};
		BC2AB9F9162501D8000A9076 /* Release */ = {
			isa = XCBuildConfiguration;
			buildSettings = {
				ASSETCATALOG_COMPILER_APPICON_NAME = AppIcon;
				ASSETCATALOG_COMPILER_LAUNCHIMAGE_NAME = LaunchImage;
				GCC_PRECOMPILE_PREFIX_HEADER = YES;
				GCC_PREFIX_HEADER = "MarcoPollo/MarcoPollo-Prefix.pch";
				INFOPLIST_FILE = "MarcoPollo/MarcoPollo-Info.plist";
				IPHONEOS_DEPLOYMENT_TARGET = 7.0;
				PRODUCT_NAME = "$(TARGET_NAME)";
				WRAPPER_EXTENSION = app;
			};
			name = Release;
		};
		BC2AB9FB162501D8000A9076 /* Debug */ = {
			isa = XCBuildConfiguration;
			buildSettings = {
				BUNDLE_LOADER = "$(BUILT_PRODUCTS_DIR)/MarcoPollo.app/MarcoPollo";
				FRAMEWORK_SEARCH_PATHS = (
					"\"$(SDKROOT)/Developer/Library/Frameworks\"",
					"\"$(DEVELOPER_LIBRARY_DIR)/Frameworks\"",
				);
				GCC_PRECOMPILE_PREFIX_HEADER = YES;
				GCC_PREFIX_HEADER = "MarcoPollo/MarcoPollo-Prefix.pch";
				INFOPLIST_FILE = "MarcoPolloTests/MarcoPolloTests-Info.plist";
				PRODUCT_NAME = "$(TARGET_NAME)";
				TEST_HOST = "$(BUNDLE_LOADER)";
				WRAPPER_EXTENSION = octest;
			};
			name = Debug;
		};
		BC2AB9FC162501D8000A9076 /* Release */ = {
			isa = XCBuildConfiguration;
			buildSettings = {
				BUNDLE_LOADER = "$(BUILT_PRODUCTS_DIR)/MarcoPollo.app/MarcoPollo";
				FRAMEWORK_SEARCH_PATHS = (
					"\"$(SDKROOT)/Developer/Library/Frameworks\"",
					"\"$(DEVELOPER_LIBRARY_DIR)/Frameworks\"",
				);
				GCC_PRECOMPILE_PREFIX_HEADER = YES;
				GCC_PREFIX_HEADER = "MarcoPollo/MarcoPollo-Prefix.pch";
				INFOPLIST_FILE = "MarcoPolloTests/MarcoPolloTests-Info.plist";
				PRODUCT_NAME = "$(TARGET_NAME)";
				TEST_HOST = "$(BUNDLE_LOADER)";
				WRAPPER_EXTENSION = octest;
			};
			name = Release;
		};
/* End XCBuildConfiguration section */

/* Begin XCConfigurationList section */
		BC2AB9B8162501D8000A9076 /* Build configuration list for PBXProject "MarcoPollo" */ = {
			isa = XCConfigurationList;
			buildConfigurations = (
				BC2AB9F5162501D8000A9076 /* Debug */,
				BC2AB9F6162501D8000A9076 /* Release */,
			);
			defaultConfigurationIsVisible = 0;
			defaultConfigurationName = Release;
		};
		BC2AB9F7162501D8000A9076 /* Build configuration list for PBXNativeTarget "MarcoPollo" */ = {
			isa = XCConfigurationList;
			buildConfigurations = (
				BC2AB9F8162501D8000A9076 /* Debug */,
				BC2AB9F9162501D8000A9076 /* Release */,
			);
			defaultConfigurationIsVisible = 0;
			defaultConfigurationName = Release;
		};
		BC2AB9FA162501D8000A9076 /* Build configuration list for PBXNativeTarget "MarcoPolloTests" */ = {
			isa = XCConfigurationList;
			buildConfigurations = (
				BC2AB9FB162501D8000A9076 /* Debug */,
				BC2AB9FC162501D8000A9076 /* Release */,
			);
			defaultConfigurationIsVisible = 0;
			defaultConfigurationName = Release;
		};
/* End XCConfigurationList section */
	};
	rootObject = BC2AB9B5162501D8000A9076 /* Project object */;
}
